lockfileVersion: '6.0'

settings:
  autoInstallPeers: true
  excludeLinksFromLockfile: false

importers:

  .:
    dependencies:
      turbo:
        specifier: ^1.13.2
        version: 1.13.2

  packages/first: {}

  packages/second: {}

packages:

  /turbo-darwin-64@1.13.2:
    resolution: {integrity: sha512-CCSuD8CfmtncpohCuIgq7eAzUas0IwSbHfI8/Q3vKObTdXyN8vAo01gwqXjDGpzG9bTEVedD0GmLbD23dR0MLA==, tarball: https://artifactory.ubisoft.org/api/npm/npm/turbo-darwin-64/-/turbo-darwin-64-1.13.2.tgz}
    requiresBuild: true
    dev: false
    optional: true

  /turbo-darwin-arm64@1.13.2:
    resolution: {integrity: sha512-0HySm06/D2N91rJJ89FbiI/AodmY8B3WDSFTVEpu2+8spUw7hOJ8okWOT0e5iGlyayUP9gr31eOeL3VFZkpfCw==, tarball: https://artifactory.ubisoft.org/api/npm/npm/turbo-darwin-arm64/-/turbo-darwin-arm64-1.13.2.tgz}
    requiresBuild: true
    dev: false
    optional: true

  /turbo-linux-64@1.13.2:
    resolution: {integrity: sha512-7HnibgbqZrjn4lcfIouzlPu8ZHSBtURG4c7Bedu7WJUDeZo+RE1crlrQm8wuwO54S0siYqUqo7GNHxu4IXbioQ==, tarball: https://artifactory.ubisoft.org/api/npm/npm/turbo-linux-64/-/turbo-linux-64-1.13.2.tgz}
    requiresBuild: true
    dev: false
    optional: true

  /turbo-linux-arm64@1.13.2:
    resolution: {integrity: sha512-sUq4dbpk6SNKg/Hkwn256Vj2AEYSQdG96repio894h5/LEfauIK2QYiC/xxAeW3WBMc6BngmvNyURIg7ltrePg==, tarball: https://artifactory.ubisoft.org/api/npm/npm/turbo-linux-arm64/-/turbo-linux-arm64-1.13.2.tgz}
    requiresBuild: true
    dev: false
    optional: true

  /turbo-windows-64@1.13.2:
    resolution: {integrity: sha512-DqzhcrciWq3dpzllJR2VVIyOhSlXYCo4mNEWl98DJ3FZ08PEzcI3ceudlH6F0t/nIcfSItK1bDP39cs7YoZHEA==, tarball: https://artifactory.ubisoft.org/api/npm/npm/turbo-windows-64/-/turbo-windows-64-1.13.2.tgz}
    requiresBuild: true
    dev: false
    optional: true

  /turbo-windows-arm64@1.13.2:
    resolution: {integrity: sha512-WnPMrwfCXxK69CdDfS1/j2DlzcKxSmycgDAqV0XCYpK/812KB0KlvsVAt5PjEbZGXkY88pCJ1BLZHAjF5FcbqA==, tarball: https://artifactory.ubisoft.org/api/npm/npm/turbo-windows-arm64/-/turbo-windows-arm64-1.13.2.tgz}
    requiresBuild: true
    dev: false
    optional: true

  /turbo@1.13.2:
    resolution: {integrity: sha512-rX/d9f4MgRT3yK6cERPAkfavIxbpBZowDQpgvkYwGMGDQ0Nvw1nc0NVjruE76GrzXQqoxR1UpnmEP54vBARFHQ==, tarball: https://artifactory.ubisoft.org/api/npm/npm/turbo/-/turbo-1.13.2.tgz}
    hasBin: true
    optionalDependencies:
      turbo-darwin-64: 1.13.2
      turbo-darwin-arm64: 1.13.2
      turbo-linux-64: 1.13.2
      turbo-linux-arm64: 1.13.2
      turbo-windows-64: 1.13.2
      turbo-windows-arm64: 1.13.2
    dev: false
